{
  "name": "daily-screenshots",
  "lockfileVersion": 3,
  "requires": true,
  "packages": {
    "": {
      "dependencies": {
        "playwright-chromium": "1.43.1"
      }
    },
    "node_modules/playwright-chromium": {
      "version": "1.43.1",
      "resolved": "https://registry.npmjs.org/playwright-chromium/-/playwright-chromium-1.43.1.tgz",
      "integrity": "sha512-HL/11hcpIYVt/Rw7wTf5xwm+W0R76JGDDjRxGtBkgMuUqi0Q4UYmx+F/QxW/Z+aApSbDtHd3naRFcL/Jt7Aidg==",
      "hasInstallScript": true,
      "dependencies": {
        "playwright-core": "1.43.1"
      },
      "bin": {
        "playwright": "cli.js"
      },
      "engines": {
        "node": ">=16"
      }
    },
    "node_modules/playwright-core": {
      "version": "1.43.1",
      "resolved": "https://registry.npmjs.org/playwright-core/-/playwright-core-1.43.1.tgz",
      "integrity": "sha512-EI36Mto2Vrx6VF7rm708qSnesVQKbxEWvPrfA1IPY6HgczBplDx7ENtx+K2n4kJ41sLLkuGfmb0ZLSSXlDhqPg==",
      "bin": {
        "playwright-core": "cli.js"
      },
      "engines": {
        "node": ">=16"
      }
    }
  }
}
